
Microsoft Visual Studio Solution File, Format Version 12.00
# Visual Studio Version 17
VisualStudioVersion = 17.4.33213.308
MinimumVisualStudioVersion = 10.0.40219.1
Project("{FAE04EC0-301F-11D3-BF4B-00C04F79EFBC}") = "Day4.MVC", "Day4.MVC\Day4.MVC.csproj", "{9B5BBE23-BF42-49C1-B2C5-AFA5C53A1F13}"
EndProject
Project("{FAE04EC0-301F-11D3-BF4B-00C04F79EFBC}") = "Day4.BL", "Day4.BL\Day4.BL.csproj", "{952AA59A-C06B-4D12-888C-09725086CF69}"
EndProject
Project("{FAE04EC0-301F-11D3-BF4B-00C04F79EFBC}") = "Day4.DAL", "Day4.DAL\Day4.DAL.csproj", "{C088BD1A-B65F-4DAE-BC0F-B11EA8D31855}"
EndProject
Global
	GlobalSection(SolutionConfigurationPlatforms) = preSolution
		Debug|Any CPU = Debug|Any CPU
		Release|Any CPU = Release|Any CPU
	EndGlobalSection
	GlobalSection(ProjectConfigurationPlatforms) = postSolution
		{9B5BBE23-BF42-49C1-B2C5-AFA5C53A1F13}.Debug|Any CPU.ActiveCfg = Debug|Any CPU
		{9B5BBE23-BF42-49C1-B2C5-AFA5C53A1F13}.Debug|Any CPU.Build.0 = Debug|Any CPU
		{9B5BBE23-BF42-49C1-B2C5-AFA5C53A1F13}.Release|Any CPU.ActiveCfg = Release|Any CPU
		{9B5BBE23-BF42-49C1-B2C5-AFA5C53A1F13}.Release|Any CPU.Build.0 = Release|Any CPU
		{952AA59A-C06B-4D12-888C-09725086CF69}.Debug|Any CPU.ActiveCfg = Debug|Any CPU
		{952AA59A-C06B-4D12-888C-09725086CF69}.Debug|Any CPU.Build.0 = Debug|Any CPU
		{952AA59A-C06B-4D12-888C-09725086CF69}.Release|Any CPU.ActiveCfg = Release|Any CPU
		{952AA59A-C06B-4D12-888C-09725086CF69}.Release|Any CPU.Build.0 = Release|Any CPU
		{C088BD1A-B65F-4DAE-BC0F-B11EA8D31855}.Debug|Any CPU.ActiveCfg = Debug|Any CPU
		{C088BD1A-B65F-4DAE-BC0F-B11EA8D31855}.Debug|Any CPU.Build.0 = Debug|Any CPU
		{C088BD1A-B65F-4DAE-BC0F-B11EA8D31855}.Release|Any CPU.ActiveCfg = Release|Any CPU
		{C088BD1A-B65F-4DAE-BC0F-B11EA8D31855}.Release|Any CPU.Build.0 = Release|Any CPU
	EndGlobalSection
	GlobalSection(SolutionProperties) = preSolution
		HideSolutionNode = FALSE
	EndGlobalSection
	GlobalSection(ExtensibilityGlobals) = postSolution
		SolutionGuid = {9E04B795-9638-4114-BC67-A7F01D3B4884}
	EndGlobalSection
EndGlobal
